
Microsoft Visual Studio Solution File, Format Version 12.00
# Visual Studio Version 17
VisualStudioVersion = 17.5.33424.131
MinimumVisualStudioVersion = 10.0.40219.1
Project("{8BC9CEB8-8B4A-11D0-8D11-00A0C91BC942}") = "01", "01\01.vcxproj", "{B6EC338B-F619-4813-8F11-683D5699AF80}"
EndProject
Project("{8BC9CEB8-8B4A-11D0-8D11-00A0C91BC942}") = "02", "02\02.vcxproj", "{2C9D4EC4-1649-444D-8C12-6D629B631148}"
EndProject
Project("{8BC9CEB8-8B4A-11D0-8D11-00A0C91BC942}") = "03", "03\03.vcxproj", "{A40CE4BA-9936-4A5A-99FA-C7E162C469F8}"
EndProject
Project("{8BC9CEB8-8B4A-11D0-8D11-00A0C91BC942}") = "04", "04\04.vcxproj", "{7B6171D7-158E-49B4-B0CE-F146DDD553F3}"
EndProject
Project("{8BC9CEB8-8B4A-11D0-8D11-00A0C91BC942}") = "05", "05\05.vcxproj", "{4C92D464-C1AD-43B2-9607-8B63BE5BCC37}"
EndProject
Project("{8BC9CEB8-8B4A-11D0-8D11-00A0C91BC942}") = "06", "06\06.vcxproj", "{BCD7C0C1-DD76-4B1F-9589-7323165F1C7B}"
EndProject
Project("{8BC9CEB8-8B4A-11D0-8D11-00A0C91BC942}") = "07", "07\07.vcxproj", "{6F164FDF-1F6A-4F0C-8146-F31FF0A5FB70}"
EndProject
Project("{8BC9CEB8-8B4A-11D0-8D11-00A0C91BC942}") = "08", "08\08.vcxproj", "{52C50565-272F-4180-A43A-9B264D927B4B}"
EndProject
Project("{8BC9CEB8-8B4A-11D0-8D11-00A0C91BC942}") = "09", "09\09.vcxproj", "{0622F10D-BEAF-454D-82FD-620145A3B708}"
EndProject
Project("{8BC9CEB8-8B4A-11D0-8D11-00A0C91BC942}") = "10", "10\10.vcxproj", "{E0F187DC-06D4-48EF-B299-2B68B99E433D}"
EndProject
Project("{8BC9CEB8-8B4A-11D0-8D11-00A0C91BC942}") = "11", "11\11.vcxproj", "{B86DCA26-E4EA-4DAB-9900-A05F5D7D2779}"
EndProject
Project("{8BC9CEB8-8B4A-11D0-8D11-00A0C91BC942}") = "12", "12\12.vcxproj", "{FDD9CF51-218C-4B9C-AC48-4420D7DC9127}"
EndProject
Project("{8BC9CEB8-8B4A-11D0-8D11-00A0C91BC942}") = "13", "13\13.vcxproj", "{FAFD4B5D-B215-4725-A119-0DA05851257F}"
EndProject
Project("{8BC9CEB8-8B4A-11D0-8D11-00A0C91BC942}") = "14", "14\14.vcxproj", "{1C97CBA9-302E-497F-BEC8-F5BFB3A19D85}"
EndProject
Global
	GlobalSection(SolutionConfigurationPlatforms) = preSolution
		Debug|x64 = Debug|x64
		Debug|x86 = Debug|x86
		Release|x64 = Release|x64
		Release|x86 = Release|x86
	EndGlobalSection
	GlobalSection(ProjectConfigurationPlatforms) = postSolution
		{B6EC338B-F619-4813-8F11-683D5699AF80}.Debug|x64.ActiveCfg = Debug|x64
		{B6EC338B-F619-4813-8F11-683D5699AF80}.Debug|x64.Build.0 = Debug|x64
		{B6EC338B-F619-4813-8F11-683D5699AF80}.Debug|x86.ActiveCfg = Debug|Win32
		{B6EC338B-F619-4813-8F11-683D5699AF80}.Debug|x86.Build.0 = Debug|Win32
		{B6EC338B-F619-4813-8F11-683D5699AF80}.Release|x64.ActiveCfg = Release|x64
		{B6EC338B-F619-4813-8F11-683D5699AF80}.Release|x64.Build.0 = Release|x64
		{B6EC338B-F619-4813-8F11-683D5699AF80}.Release|x86.ActiveCfg = Release|Win32
		{B6EC338B-F619-4813-8F11-683D5699AF80}.Release|x86.Build.0 = Release|Win32
		{2C9D4EC4-1649-444D-8C12-6D629B631148}.Debug|x64.ActiveCfg = Debug|x64
		{2C9D4EC4-1649-444D-8C12-6D629B631148}.Debug|x64.Build.0 = Debug|x64
		{2C9D4EC4-1649-444D-8C12-6D629B631148}.Debug|x86.ActiveCfg = Debug|Win32
		{2C9D4EC4-1649-444D-8C12-6D629B631148}.Debug|x86.Build.0 = Debug|Win32
		{2C9D4EC4-1649-444D-8C12-6D629B631148}.Release|x64.ActiveCfg = Release|x64
		{2C9D4EC4-1649-444D-8C12-6D629B631148}.Release|x64.Build.0 = Release|x64
		{2C9D4EC4-1649-444D-8C12-6D629B631148}.Release|x86.ActiveCfg = Release|Win32
		{2C9D4EC4-1649-444D-8C12-6D629B631148}.Release|x86.Build.0 = Release|Win32
		{A40CE4BA-9936-4A5A-99FA-C7E162C469F8}.Debug|x64.ActiveCfg = Debug|x64
		{A40CE4BA-9936-4A5A-99FA-C7E162C469F8}.Debug|x64.Build.0 = Debug|x64
		{A40CE4BA-9936-4A5A-99FA-C7E162C469F8}.Debug|x86.ActiveCfg = Debug|Win32
		{A40CE4BA-9936-4A5A-99FA-C7E162C469F8}.Debug|x86.Build.0 = Debug|Win32
		{A40CE4BA-9936-4A5A-99FA-C7E162C469F8}.Release|x64.ActiveCfg = Release|x64
		{A40CE4BA-9936-4A5A-99FA-C7E162C469F8}.Release|x64.Build.0 = Release|x64
		{A40CE4BA-9936-4A5A-99FA-C7E162C469F8}.Release|x86.ActiveCfg = Release|Win32
		{A40CE4BA-9936-4A5A-99FA-C7E162C469F8}.Release|x86.Build.0 = Release|Win32
		{7B6171D7-158E-49B4-B0CE-F146DDD553F3}.Debug|x64.ActiveCfg = Debug|x64
		{7B6171D7-158E-49B4-B0CE-F146DDD553F3}.Debug|x64.Build.0 = Debug|x64
		{7B6171D7-158E-49B4-B0CE-F146DDD553F3}.Debug|x86.ActiveCfg = Debug|Win32
		{7B6171D7-158E-49B4-B0CE-F146DDD553F3}.Debug|x86.Build.0 = Debug|Win32
		{7B6171D7-158E-49B4-B0CE-F146DDD553F3}.Release|x64.ActiveCfg = Release|x64
		{7B6171D7-158E-49B4-B0CE-F146DDD553F3}.Release|x64.Build.0 = Release|x64
		{7B6171D7-158E-49B4-B0CE-F146DDD553F3}.Release|x86.ActiveCfg = Release|Win32
		{7B6171D7-158E-49B4-B0CE-F146DDD553F3}.Release|x86.Build.0 = Release|Win32
		{4C92D464-C1AD-43B2-9607-8B63BE5BCC37}.Debug|x64.ActiveCfg = Debug|x64
		{4C92D464-C1AD-43B2-9607-8B63BE5BCC37}.Debug|x64.Build.0 = Debug|x64
		{4C92D464-C1AD-43B2-9607-8B63BE5BCC37}.Debug|x86.ActiveCfg = Debug|Win32
		{4C92D464-C1AD-43B2-9607-8B63BE5BCC37}.Debug|x86.Build.0 = Debug|Win32
		{4C92D464-C1AD-43B2-9607-8B63BE5BCC37}.Release|x64.ActiveCfg = Release|x64
		{4C92D464-C1AD-43B2-9607-8B63BE5BCC37}.Release|x64.Build.0 = Release|x64
		{4C92D464-C1AD-43B2-9607-8B63BE5BCC37}.Release|x86.ActiveCfg = Release|Win32
		{4C92D464-C1AD-43B2-9607-8B63BE5BCC37}.Release|x86.Build.0 = Release|Win32
		{BCD7C0C1-DD76-4B1F-9589-7323165F1C7B}.Debug|x64.ActiveCfg = Debug|x64
		{BCD7C0C1-DD76-4B1F-9589-7323165F1C7B}.Debug|x64.Build.0 = Debug|x64
		{BCD7C0C1-DD76-4B1F-9589-7323165F1C7B}.Debug|x86.ActiveCfg = Debug|Win32
		{BCD7C0C1-DD76-4B1F-9589-7323165F1C7B}.Debug|x86.Build.0 = Debug|Win32
		{BCD7C0C1-DD76-4B1F-9589-7323165F1C7B}.Release|x64.ActiveCfg = Release|x64
		{BCD7C0C1-DD76-4B1F-9589-7323165F1C7B}.Release|x64.Build.0 = Release|x64
		{BCD7C0C1-DD76-4B1F-9589-7323165F1C7B}.Release|x86.ActiveCfg = Release|Win32
		{BCD7C0C1-DD76-4B1F-9589-7323165F1C7B}.Release|x86.Build.0 = Release|Win32
		{6F164FDF-1F6A-4F0C-8146-F31FF0A5FB70}.Debug|x64.ActiveCfg = Debug|x64
		{6F164FDF-1F6A-4F0C-8146-F31FF0A5FB70}.Debug|x64.Build.0 = Debug|x64
		{6F164FDF-1F6A-4F0C-8146-F31FF0A5FB70}.Debug|x86.ActiveCfg = Debug|Win32
		{6F164FDF-1F6A-4F0C-8146-F31FF0A5FB70}.Debug|x86.Build.0 = Debug|Win32
		{6F164FDF-1F6A-4F0C-8146-F31FF0A5FB70}.Release|x64.ActiveCfg = Release|x64
		{6F164FDF-1F6A-4F0C-8146-F31FF0A5FB70}.Release|x64.Build.0 = Release|x64
		{6F164FDF-1F6A-4F0C-8146-F31FF0A5FB70}.Release|x86.ActiveCfg = Release|Win32
		{6F164FDF-1F6A-4F0C-8146-F31FF0A5FB70}.Release|x86.Build.0 = Release|Win32
		{52C50565-272F-4180-A43A-9B264D927B4B}.Debug|x64.ActiveCfg = Debug|x64
		{52C50565-272F-4180-A43A-9B264D927B4B}.Debug|x64.Build.0 = Debug|x64
		{52C50565-272F-4180-A43A-9B264D927B4B}.Debug|x86.ActiveCfg = Debug|Win32
		{52C50565-272F-4180-A43A-9B264D927B4B}.Debug|x86.Build.0 = Debug|Win32
		{52C50565-272F-4180-A43A-9B264D927B4B}.Release|x64.ActiveCfg = Release|x64
		{52C50565-272F-4180-A43A-9B264D927B4B}.Release|x64.Build.0 = Release|x64
		{52C50565-272F-4180-A43A-9B264D927B4B}.Release|x86.ActiveCfg = Release|Win32
		{52C50565-272F-4180-A43A-9B264D927B4B}.Release|x86.Build.0 = Release|Win32
		{0622F10D-BEAF-454D-82FD-620145A3B708}.Debug|x64.ActiveCfg = Debug|x64
		{0622F10D-BEAF-454D-82FD-620145A3B708}.Debug|x64.Build.0 = Debug|x64
		{0622F10D-BEAF-454D-82FD-620145A3B708}.Debug|x86.ActiveCfg = Debug|Win32
		{0622F10D-BEAF-454D-82FD-620145A3B708}.Debug|x86.Build.0 = Debug|Win32
		{0622F10D-BEAF-454D-82FD-620145A3B708}.Release|x64.ActiveCfg = Release|x64
		{0622F10D-BEAF-454D-82FD-620145A3B708}.Release|x64.Build.0 = Release|x64
		{0622F10D-BEAF-454D-82FD-620145A3B708}.Release|x86.ActiveCfg = Release|Win32
		{0622F10D-BEAF-454D-82FD-620145A3B708}.Release|x86.Build.0 = Release|Win32
		{E0F187DC-06D4-48EF-B299-2B68B99E433D}.Debug|x64.ActiveCfg = Debug|x64
		{E0F187DC-06D4-48EF-B299-2B68B99E433D}.Debug|x64.Build.0 = Debug|x64
		{E0F187DC-06D4-48EF-B299-2B68B99E433D}.Debug|x86.ActiveCfg = Debug|Win32
		{E0F187DC-06D4-48EF-B299-2B68B99E433D}.Debug|x86.Build.0 = Debug|Win32
		{E0F187DC-06D4-48EF-B299-2B68B99E433D}.Release|x64.ActiveCfg = Release|x64
		{E0F187DC-06D4-48EF-B299-2B68B99E433D}.Release|x64.Build.0 = Release|x64
		{E0F187DC-06D4-48EF-B299-2B68B99E433D}.Release|x86.ActiveCfg = Release|Win32
		{E0F187DC-06D4-48EF-B299-2B68B99E433D}.Release|x86.Build.0 = Release|Win32
		{B86DCA26-E4EA-4DAB-9900-A05F5D7D2779}.Debug|x64.ActiveCfg = Debug|x64
		{B86DCA26-E4EA-4DAB-9900-A05F5D7D2779}.Debug|x64.Build.0 = Debug|x64
		{B86DCA26-E4EA-4DAB-9900-A05F5D7D2779}.Debug|x86.ActiveCfg = Debug|Win32
		{B86DCA26-E4EA-4DAB-9900-A05F5D7D2779}.Debug|x86.Build.0 = Debug|Win32
		{B86DCA26-E4EA-4DAB-9900-A05F5D7D2779}.Release|x64.ActiveCfg = Release|x64
		{B86DCA26-E4EA-4DAB-9900-A05F5D7D2779}.Release|x64.Build.0 = Release|x64
		{B86DCA26-E4EA-4DAB-9900-A05F5D7D2779}.Release|x86.ActiveCfg = Release|Win32
		{B86DCA26-E4EA-4DAB-9900-A05F5D7D2779}.Release|x86.Build.0 = Release|Win32
		{FDD9CF51-218C-4B9C-AC48-4420D7DC9127}.Debug|x64.ActiveCfg = Debug|x64
		{FDD9CF51-218C-4B9C-AC48-4420D7DC9127}.Debug|x64.Build.0 = Debug|x64
		{FDD9CF51-218C-4B9C-AC48-4420D7DC9127}.Debug|x86.ActiveCfg = Debug|Win32
		{FDD9CF51-218C-4B9C-AC48-4420D7DC9127}.Debug|x86.Build.0 = Debug|Win32
		{FDD9CF51-218C-4B9C-AC48-4420D7DC9127}.Release|x64.ActiveCfg = Release|x64
		{FDD9CF51-218C-4B9C-AC48-4420D7DC9127}.Release|x64.Build.0 = Release|x64
		{FDD9CF51-218C-4B9C-AC48-4420D7DC9127}.Release|x86.ActiveCfg = Release|Win32
		{FDD9CF51-218C-4B9C-AC48-4420D7DC9127}.Release|x86.Build.0 = Release|Win32
		{FAFD4B5D-B215-4725-A119-0DA05851257F}.Debug|x64.ActiveCfg = Debug|x64
		{FAFD4B5D-B215-4725-A119-0DA05851257F}.Debug|x64.Build.0 = Debug|x64
		{FAFD4B5D-B215-4725-A119-0DA05851257F}.Debug|x86.ActiveCfg = Debug|Win32
		{FAFD4B5D-B215-4725-A119-0DA05851257F}.Debug|x86.Build.0 = Debug|Win32
		{FAFD4B5D-B215-4725-A119-0DA05851257F}.Release|x64.ActiveCfg = Release|x64
		{FAFD4B5D-B215-4725-A119-0DA05851257F}.Release|x64.Build.0 = Release|x64
		{FAFD4B5D-B215-4725-A119-0DA05851257F}.Release|x86.ActiveCfg = Release|Win32
		{FAFD4B5D-B215-4725-A119-0DA05851257F}.Release|x86.Build.0 = Release|Win32
		{1C97CBA9-302E-497F-BEC8-F5BFB3A19D85}.Debug|x64.ActiveCfg = Debug|x64
		{1C97CBA9-302E-497F-BEC8-F5BFB3A19D85}.Debug|x64.Build.0 = Debug|x64
		{1C97CBA9-302E-497F-BEC8-F5BFB3A19D85}.Debug|x86.ActiveCfg = Debug|Win32
		{1C97CBA9-302E-497F-BEC8-F5BFB3A19D85}.Debug|x86.Build.0 = Debug|Win32
		{1C97CBA9-302E-497F-BEC8-F5BFB3A19D85}.Release|x64.ActiveCfg = Release|x64
		{1C97CBA9-302E-497F-BEC8-F5BFB3A19D85}.Release|x64.Build.0 = Release|x64
		{1C97CBA9-302E-497F-BEC8-F5BFB3A19D85}.Release|x86.ActiveCfg = Release|Win32
		{1C97CBA9-302E-497F-BEC8-F5BFB3A19D85}.Release|x86.Build.0 = Release|Win32
	EndGlobalSection
	GlobalSection(SolutionProperties) = preSolution
		HideSolutionNode = FALSE
	EndGlobalSection
	GlobalSection(ExtensibilityGlobals) = postSolution
		SolutionGuid = {E24EB09F-4A69-45CA-A4D2-BCECE3015971}
	EndGlobalSection
EndGlobal
